
Microsoft Visual Studio Solution File, Format Version 12.00
# Visual Studio Version 17
VisualStudioVersion = 17.14.37027.9 d17.14
MinimumVisualStudioVersion = 10.0.40219.1
Project("{8BC9CEB8-8B4A-11D0-8D11-00A0C91BC942}") = "kadai704", "kadai704\kadai704.vcxproj", "{13ABB025-7124-4525-BCE2-CE854B629CA9}"
EndProject
Global
	GlobalSection(SolutionConfigurationPlatforms) = preSolution
		Debug|x64 = Debug|x64
		Debug|x86 = Debug|x86
		Release|x64 = Release|x64
		Release|x86 = Release|x86
	EndGlobalSection
	GlobalSection(ProjectConfigurationPlatforms) = postSolution
		{13ABB025-7124-4525-BCE2-CE854B629CA9}.Debug|x64.ActiveCfg = Debug|x64
		{13ABB025-7124-4525-BCE2-CE854B629CA9}.Debug|x64.Build.0 = Debug|x64
		{13ABB025-7124-4525-BCE2-CE854B629CA9}.Debug|x86.ActiveCfg = Debug|Win32
		{13ABB025-7124-4525-BCE2-CE854B629CA9}.Debug|x86.Build.0 = Debug|Win32
		{13ABB025-7124-4525-BCE2-CE854B629CA9}.Release|x64.ActiveCfg = Release|x64
		{13ABB025-7124-4525-BCE2-CE854B629CA9}.Release|x64.Build.0 = Release|x64
		{13ABB025-7124-4525-BCE2-CE854B629CA9}.Release|x86.ActiveCfg = Release|Win32
		{13ABB025-7124-4525-BCE2-CE854B629CA9}.Release|x86.Build.0 = Release|Win32
	EndGlobalSection
	GlobalSection(SolutionProperties) = preSolution
		HideSolutionNode = FALSE
	EndGlobalSection
	GlobalSection(ExtensibilityGlobals) = postSolution
		SolutionGuid = {538A94CA-FD3F-44CB-B40A-DA9DCF7AC103}
	EndGlobalSection
EndGlobal
